{
  "name": "JavaScript",
  "lockfileVersion": 3,
  "requires": true,
  "packages": {
    "": {
      "dependencies": {
        "@bitauth/libauth": "2.0.0-alpha.8",
        "@generalprotocols/anyhedge": "2.0.0-next.7706865010",
        "cashscript": "0.9.2"
      }
    },
    "node_modules/@bitauth/libauth": {
      "version": "2.0.0-alpha.8",
      "resolved": "https://registry.npmjs.org/@bitauth/libauth/-/libauth-2.0.0-alpha.8.tgz",
      "integrity": "sha512-KINAJbzg5pKs+WM8wCjWw6Ct/CeZG1JMrRXsIyPFztjNtwA5eeQL8eFkyquePsf8aZ5peRYK2eFPUDo/1rkg+w==",
      "license": "MIT",
      "engines": {
        "node": "^12.20.0 || ^14.13.1 || >=16.0.0"
      }
    },
    "node_modules/@cashscript/utils": {
      "version": "0.9.3",
      "resolved": "https://registry.npmjs.org/@cashscript/utils/-/utils-0.9.3.tgz",
      "integrity": "sha512-WqFfEhg6vf1bhhPdM9sj3b+0gHHhY+W4u4HVTvEjHycVjlLk6x33zd0XEy2XpIzXXw8Vqu87VI0m7exIXY/OeQ==",
      "license": "MIT",
      "dependencies": {
        "@bitauth/libauth": "^2.0.0-alpha.8",
        "hash.js": "^1.1.7"
      }
    },
    "node_modules/@generalprotocols/anyhedge": {
      "version": "2.0.0-next.7706865010",
      "resolved": "https://registry.npmjs.org/@generalprotocols/anyhedge/-/anyhedge-2.0.0-next.7706865010.tgz",
      "integrity": "sha512-/lPFmhmWl7bk/EnMUVMc11w9C1hR7rmp+Go6j4zz5oDyDNJ63PwqrDyp9Kf8bgAGbnOpwK0QUm5XdykqNDmMug==",
      "license": "MIT",
      "dependencies": {
        "@bitauth/libauth": "2.0.0-alpha.8",
        "@generalprotocols/anyhedge-contracts": "^0.12.1-development.5461784800",
        "@generalprotocols/price-oracle": "^2.2.0-development.5964625527",
        "@types/shallow-equals": "^1.0.0",
        "cashscript": "0.9.2",
        "debug": "^4.3.2",
        "electrum-cash": "^2.0.10",
        "long": "^5.2.0",
        "shallow-equals": "^1.0.0"
      }
    },
    "node_modules/@generalprotocols/anyhedge-contracts": {
      "version": "0.12.1-development.5461784800",
      "resolved": "https://registry.npmjs.org/@generalprotocols/anyhedge-contracts/-/anyhedge-contracts-0.12.1-development.5461784800.tgz",
      "integrity": "sha512-tocsmla00eSn71Qie8Ew760pIShdDq/h0PxrFA8qVDlMEXSqsIGRw6Sjt5bMjj68J+ci5Clk5mYxI7XXQNDZcQ==",
      "license": "MIT",
      "dependencies": {
        "cashc": "^0.9.2",
        "cashscript": "^0.9.2"
      }
    },
    "node_modules/@generalprotocols/price-oracle": {
      "version": "2.2.0-development.5964625527",
      "resolved": "https://registry.npmjs.org/@generalprotocols/price-oracle/-/price-oracle-2.2.0-development.5964625527.tgz",
      "integrity": "sha512-pgLyAytt1yu5STdUq0TxPersWCazLguubQJPh6Kz6F0fE7ycDC8I/tN0tLTVr4Xq0lF8KJB97Lte2ciRIBEvHQ==",
      "license": "MIT",
      "dependencies": {
        "@bitauth/libauth": "^2.0.0-alpha.6",
        "async-mutex": "^0.4.0",
        "debug": "^4.3.3",
        "json-arraybuffer-reviver": "^1.0.3"
      },
      "optionalDependencies": {
        "zeromq": "6.0.0-beta.6"
      }
    },
    "node_modules/@types/node": {
      "version": "22.7.4",
      "resolved": "https://registry.npmjs.org/@types/node/-/node-22.7.4.tgz",
      "integrity": "sha512-y+NPi1rFzDs1NdQHHToqeiX2TIS79SWEAw9GYhkkx8bD0ChpfqC+n2j5OXOCpzfojBEBt6DnEnnG9MY0zk1XLg==",
      "license": "MIT",
      "dependencies": {
        "undici-types": "~6.19.2"
      }
    },
    "node_modules/@types/shallow-equals": {
      "version": "1.0.3",
      "resolved": "https://registry.npmjs.org/@types/shallow-equals/-/shallow-equals-1.0.3.tgz",
      "integrity": "sha512-xZx/hZsf1p9J5lGN/nGTsuW/chJCdlyGxilwg1TS78rygBCU5bpY50zZiFcIimlnl0p41kAyaASsy0bqU7WyBA==",
      "license": "MIT"
    },
    "node_modules/@types/ws": {
      "version": "7.4.7",
      "resolved": "https://registry.npmjs.org/@types/ws/-/ws-7.4.7.tgz",
      "integrity": "sha512-JQbbmxZTZehdc2iszGKs5oC3NFnjeay7mtAWrdt7qNtAVK0g19muApzAy4bm9byz79xa2ZnO/BOBC2R8RC5Lww==",
      "license": "MIT",
      "dependencies": {
        "@types/node": "*"
      }
    },
    "node_modules/antlr4": {
      "version": "4.13.2",
      "resolved": "https://registry.npmjs.org/antlr4/-/antlr4-4.13.2.tgz",
      "integrity": "sha512-QiVbZhyy4xAZ17UPEuG3YTOt8ZaoeOR1CvEAqrEsDBsOqINslaB147i9xqljZqoyf5S+EUlGStaj+t22LT9MOg==",
      "license": "BSD-3-Clause",
      "engines": {
        "node": ">=16"
      }
    },
    "node_modules/async-mutex": {
      "version": "0.4.1",
      "resolved": "https://registry.npmjs.org/async-mutex/-/async-mutex-0.4.1.tgz",
      "integrity": "sha512-WfoBo4E/TbCX1G95XTjbWTE3X2XLG0m1Xbv2cwOtuPdyH9CZvnaA5nCt1ucjaKEgW2A5IF71hxrRhr83Je5xjA==",
      "license": "MIT",
      "dependencies": {
        "tslib": "^2.4.0"
      }
    },
    "node_modules/bip68": {
      "version": "1.0.4",
      "resolved": "https://registry.npmjs.org/bip68/-/bip68-1.0.4.tgz",
      "integrity": "sha512-O1htyufFTYy3EO0JkHg2CLykdXEtV2ssqw47Gq9A0WByp662xpJnMEB9m43LZjsSDjIAOozWRExlFQk2hlV1XQ==",
      "license": "ISC",
      "engines": {
        "node": ">=4.5.0"
      }
    },
    "node_modules/bitcoin-rpc-promise-retry": {
      "version": "1.3.0",
      "resolved": "https://registry.npmjs.org/bitcoin-rpc-promise-retry/-/bitcoin-rpc-promise-retry-1.3.0.tgz",
      "integrity": "sha512-xhldBhYwiUNY4spzkXXcU9LEq+nbSKJ5tvYWEUe/XTCe1VYoe8tEb5jJq4MBA2d+5egiUOA+P1QTTYm1FqPtOg==",
      "license": "ISC",
      "dependencies": {
        "bitcoind-rpc": "^0.8.0"
      }
    },
    "node_modules/bitcoind-rpc": {
      "version": "0.8.1",
      "resolved": "https://registry.npmjs.org/bitcoind-rpc/-/bitcoind-rpc-0.8.1.tgz",
      "integrity": "sha512-NfhykAT/x/P1SOiog8UzltvTiv6A6d2X5VWJ3UjGeAqFLXv+IYHy+E4fFCBmgQRyIb1EIcyIZK1SVpSOGRHsaw==",
      "license": "MIT"
    },
    "node_modules/cashc": {
      "version": "0.9.3",
      "resolved": "https://registry.npmjs.org/cashc/-/cashc-0.9.3.tgz",
      "integrity": "sha512-z3wz5UpaPrpehIoqcoOU419FcGUy/nzMJ7x9k5BJqlU8V6Kh0vytPPetudnAFSWKdiuvUJ5oIZJAeXUaDHpf0g==",
      "license": "MIT",
      "dependencies": {
        "@bitauth/libauth": "^2.0.0-alpha.8",
        "@cashscript/utils": "^0.9.3",
        "antlr4": "^4.13.1-patch-1",
        "commander": "^7.1.0",
        "semver": "^7.3.4"
      },
      "bin": {
        "cashc": "dist/cashc-cli.js"
      }
    },
    "node_modules/cashscript": {
      "version": "0.9.2",
      "resolved": "https://registry.npmjs.org/cashscript/-/cashscript-0.9.2.tgz",
      "integrity": "sha512-IxvcJluRAoWA8ruQXsvOgmDeuyXc4DnwDF2UfU3l6/0fn5HQkLLVhH5hroc/TbExKWQPBEwR3Nql7aTQhPb9vA==",
      "license": "MIT",
      "dependencies": {
        "@bitauth/libauth": "^2.0.0-alpha.8",
        "@cashscript/utils": "^0.9.2",
        "bip68": "^1.0.4",
        "bitcoin-rpc-promise-retry": "^1.3.0",
        "delay": "^5.0.0",
        "electrum-cash": "^2.0.10",
        "fast-deep-equal": "^3.1.3"
      }
    },
    "node_modules/commander": {
      "version": "7.2.0",
      "resolved": "https://registry.npmjs.org/commander/-/commander-7.2.0.tgz",
      "integrity": "sha512-QrWXB+ZQSVPmIWIhtEO9H+gwHaMGYiF5ChvoJ+K9ZGHG/sVsa6yiesAD1GC/x46sET00Xlwo1u49RVVVzvcSkw==",
      "license": "MIT",
      "engines": {
        "node": ">= 10"
      }
    },
    "node_modules/debug": {
      "version": "4.3.7",
      "resolved": "https://registry.npmjs.org/debug/-/debug-4.3.7.tgz",
      "integrity": "sha512-Er2nc/H7RrMXZBFCEim6TCmMk02Z8vLC2Rbi1KEBggpo0fS6l0S1nnapwmIi3yW/+GOJap1Krg4w0Hg80oCqgQ==",
      "license": "MIT",
      "dependencies": {
        "ms": "^2.1.3"
      },
      "engines": {
        "node": ">=6.0"
      },
      "peerDependenciesMeta": {
        "supports-color": {
          "optional": true
        }
      }
    },
    "node_modules/delay": {
      "version": "5.0.0",
      "resolved": "https://registry.npmjs.org/delay/-/delay-5.0.0.tgz",
      "integrity": "sha512-ReEBKkIfe4ya47wlPYf/gu5ib6yUG0/Aez0JQZQz94kiWtRQvZIQbTiehsnwHvLSWJnQdhVeqYue7Id1dKr0qw==",
      "license": "MIT",
      "engines": {
        "node": ">=10"
      },
      "funding": {
        "url": "https://github.com/sponsors/sindresorhus"
      }
    },
    "node_modules/electrum-cash": {
      "version": "2.0.10",
      "resolved": "https://registry.npmjs.org/electrum-cash/-/electrum-cash-2.0.10.tgz",
      "integrity": "sha512-xxKXWyDsnUR2pkqzb7r7ANf6yzlHO8+Rkq8HOFkKiH1tF1BJwyh6sDhGAy4lkTv2sU8Uv1em/itYZ5n2Cr6zaA==",
      "license": "MIT",
      "dependencies": {
        "@types/ws": "^7.4.6",
        "async-mutex": "^0.3.1",
        "debug": "^4.3.2",
        "isomorphic-ws": "^4.0.1",
        "ws": "^7.5.2"
      }
    },
    "node_modules/electrum-cash/node_modules/async-mutex": {
      "version": "0.3.2",
      "resolved": "https://registry.npmjs.org/async-mutex/-/async-mutex-0.3.2.tgz",
      "integrity": "sha512-HuTK7E7MT7jZEh1P9GtRW9+aTWiDWWi9InbZ5hjxrnRa39KS4BW04+xLBhYNS2aXhHUIKZSw3gj4Pn1pj+qGAA==",
      "license": "MIT",
      "dependencies": {
        "tslib": "^2.3.1"
      }
    },
    "node_modules/fast-deep-equal": {
      "version": "3.1.3",
      "resolved": "https://registry.npmjs.org/fast-deep-equal/-/fast-deep-equal-3.1.3.tgz",
      "integrity": "sha512-f3qQ9oQy9j2AhBe/H9VC91wLmKBCCU/gDOnKNAYG5hswO7BLKj09Hc5HYNz9cGI++xlpDCIgDaitVs03ATR84Q==",
      "license": "MIT"
    },
    "node_modules/hash.js": {
      "version": "1.1.7",
      "resolved": "https://registry.npmjs.org/hash.js/-/hash.js-1.1.7.tgz",
      "integrity": "sha512-taOaskGt4z4SOANNseOviYDvjEJinIkRgmp7LbKP2YTTmVxWBl87s/uzK9r+44BclBSp2X7K1hqeNfz9JbBeXA==",
      "license": "MIT",
      "dependencies": {
        "inherits": "^2.0.3",
        "minimalistic-assert": "^1.0.1"
      }
    },
    "node_modules/inherits": {
      "version": "2.0.4",
      "resolved": "https://registry.npmjs.org/inherits/-/inherits-2.0.4.tgz",
      "integrity": "sha512-k/vGaX4/Yla3WzyMCvTQOXYeIHvqOKtnqBduzTHpzpQZzAskKMhZ2K+EnBiSM9zGSoIFeMpXKxa4dYeZIQqewQ==",
      "license": "ISC"
    },
    "node_modules/isomorphic-ws": {
      "version": "4.0.1",
      "resolved": "https://registry.npmjs.org/isomorphic-ws/-/isomorphic-ws-4.0.1.tgz",
      "integrity": "sha512-BhBvN2MBpWTaSHdWRb/bwdZJ1WaehQ2L1KngkCkfLUGF0mAWAT1sQUQacEmQ0jXkFw/czDXPNQSL5u2/Krsz1w==",
      "license": "MIT",
      "peerDependencies": {
        "ws": "*"
      }
    },
    "node_modules/json-arraybuffer-reviver": {
      "version": "1.0.3",
      "resolved": "https://registry.npmjs.org/json-arraybuffer-reviver/-/json-arraybuffer-reviver-1.0.3.tgz",
      "integrity": "sha512-5mJgAqB1UqkL9cXyexrrC4j9xATYIwIkSZM3sOdKv9Q7TKCV5NfN9Md8+U7BL5cMgHu8yZAj3TWNJtbt3cH+BQ==",
      "license": "MIT",
      "dependencies": {
        "@bitauth/libauth": "^2.0.0-alpha.6"
      }
    },
    "node_modules/long": {
      "version": "5.2.3",
      "resolved": "https://registry.npmjs.org/long/-/long-5.2.3.tgz",
      "integrity": "sha512-lcHwpNoggQTObv5apGNCTdJrO69eHOZMi4BNC+rTLER8iHAqGrUVeLh/irVIM7zTw2bOXA8T6uNPeujwOLg/2Q==",
      "license": "Apache-2.0"
    },
    "node_modules/minimalistic-assert": {
      "version": "1.0.1",
      "resolved": "https://registry.npmjs.org/minimalistic-assert/-/minimalistic-assert-1.0.1.tgz",
      "integrity": "sha512-UtJcAD4yEaGtjPezWuO9wC4nwUnVH/8/Im3yEHQP4b67cXlD/Qr9hdITCU1xDbSEXg2XKNaP8jsReV7vQd00/A==",
      "license": "ISC"
    },
    "node_modules/ms": {
      "version": "2.1.3",
      "resolved": "https://registry.npmjs.org/ms/-/ms-2.1.3.tgz",
      "integrity": "sha512-6FlzubTLZG3J2a/NVCAleEhjzq5oxgHyaCU9yYXvcLsvoVaHJq/s5xXI6/XXP6tz7R9xAOtHnSO/tXtF3WRTlA==",
      "license": "MIT"
    },
    "node_modules/node-gyp-build": {
      "version": "4.8.2",
      "resolved": "https://registry.npmjs.org/node-gyp-build/-/node-gyp-build-4.8.2.tgz",
      "integrity": "sha512-IRUxE4BVsHWXkV/SFOut4qTlagw2aM8T5/vnTsmrHJvVoKueJHRc/JaFND7QDDc61kLYUJ6qlZM3sqTSyx2dTw==",
      "license": "MIT",
      "optional": true,
      "bin": {
        "node-gyp-build": "bin.js",
        "node-gyp-build-optional": "optional.js",
        "node-gyp-build-test": "build-test.js"
      }
    },
    "node_modules/semver": {
      "version": "7.6.3",
      "resolved": "https://registry.npmjs.org/semver/-/semver-7.6.3.tgz",
      "integrity": "sha512-oVekP1cKtI+CTDvHWYFUcMtsK/00wmAEfyqKfNdARm8u1wNVhSgaX7A8d4UuIlUI5e84iEwOhs7ZPYRmzU9U6A==",
      "license": "ISC",
      "bin": {
        "semver": "bin/semver.js"
      },
      "engines": {
        "node": ">=10"
      }
    },
    "node_modules/shallow-equals": {
      "version": "1.0.0",
      "resolved": "https://registry.npmjs.org/shallow-equals/-/shallow-equals-1.0.0.tgz",
      "integrity": "sha512-xd/FKcdmfmMbyYCca3QTVEJtqUOGuajNzvAX6nt8dXILwjAIEkfHc4hI8/JMGApAmb7VeULO0Q30NTxnbH/15g==",
      "license": "MIT"
    },
    "node_modules/tslib": {
      "version": "2.7.0",
      "resolved": "https://registry.npmjs.org/tslib/-/tslib-2.7.0.tgz",
      "integrity": "sha512-gLXCKdN1/j47AiHiOkJN69hJmcbGTHI0ImLmbYLHykhgeN0jVGola9yVjFgzCUklsZQMW55o+dW7IXv3RCXDzA==",
      "license": "0BSD"
    },
    "node_modules/undici-types": {
      "version": "6.19.8",
      "resolved": "https://registry.npmjs.org/undici-types/-/undici-types-6.19.8.tgz",
      "integrity": "sha512-ve2KP6f/JnbPBFyobGHuerC9g1FYGn/F8n1LWTwNxCEzd6IfqTwUQcNXgEtmmQ6DlRrC1hrSrBnCZPokRrDHjw==",
      "license": "MIT"
    },
    "node_modules/ws": {
      "version": "7.5.10",
      "resolved": "https://registry.npmjs.org/ws/-/ws-7.5.10.tgz",
      "integrity": "sha512-+dbF1tHwZpXcbOJdVOkzLDxZP1ailvSxM6ZweXTegylPny803bFhA+vqBYw4s31NSAk4S2Qz+AKXK9a4wkdjcQ==",
      "license": "MIT",
      "engines": {
        "node": ">=8.3.0"
      },
      "peerDependencies": {
        "bufferutil": "^4.0.1",
        "utf-8-validate": "^5.0.2"
      },
      "peerDependenciesMeta": {
        "bufferutil": {
          "optional": true
        },
        "utf-8-validate": {
          "optional": true
        }
      }
    },
    "node_modules/zeromq": {
      "version": "6.0.0-beta.6",
      "resolved": "https://registry.npmjs.org/zeromq/-/zeromq-6.0.0-beta.6.tgz",
      "integrity": "sha512-wLf6M7pBHijl+BRltUL2VoDpgbQcOZetiX8UzycHL8CcYFxYnRrpoG5fi3UX3+Umavz1lk4/dGaQez8qiDgr/Q==",
      "deprecated": "please upgrade to ^6.0.4",
      "hasInstallScript": true,
      "license": "MIT",
      "optional": true,
      "dependencies": {
        "node-gyp-build": "^4.1.0"
      },
      "engines": {
        "node": ">= 10.2"
      }
    }
  }
}
